
Microsoft Visual Studio Solution File, Format Version 12.00
# Visual Studio Version 17
VisualStudioVersion = 17.4.33122.133
MinimumVisualStudioVersion = 10.0.40219.1
Project("{FAE04EC0-301F-11D3-BF4B-00C04F79EFBC}") = "WebApiAutores", "WebApiAutores\WebApiAutores.csproj", "{34F946FC-AC63-4843-AD7E-95CDDC344654}"
EndProject
Global
	GlobalSection(SolutionConfigurationPlatforms) = preSolution
		Debug|Any CPU = Debug|Any CPU
		Release|Any CPU = Release|Any CPU
	EndGlobalSection
	GlobalSection(ProjectConfigurationPlatforms) = postSolution
		{34F946FC-AC63-4843-AD7E-95CDDC344654}.Debug|Any CPU.ActiveCfg = Debug|Any CPU
		{34F946FC-AC63-4843-AD7E-95CDDC344654}.Debug|Any CPU.Build.0 = Debug|Any CPU
		{34F946FC-AC63-4843-AD7E-95CDDC344654}.Release|Any CPU.ActiveCfg = Release|Any CPU
		{34F946FC-AC63-4843-AD7E-95CDDC344654}.Release|Any CPU.Build.0 = Release|Any CPU
	EndGlobalSection
	GlobalSection(SolutionProperties) = preSolution
		HideSolutionNode = FALSE
	EndGlobalSection
	GlobalSection(ExtensibilityGlobals) = postSolution
		SolutionGuid = {9B28D42D-A189-43B6-AFAC-A7C9C6A2D3DE}
	EndGlobalSection
EndGlobal
