
Microsoft Visual Studio Solution File, Format Version 12.00
# Visual Studio Version 17
VisualStudioVersion = 17.4.33122.133
MinimumVisualStudioVersion = 10.0.40219.1
Project("{FAE04EC0-301F-11D3-BF4B-00C04F79EFBC}") = "AlgodeBootstrap", "AlgodeBootstrap\AlgodeBootstrap.csproj", "{5E2F2BC1-A646-437B-95A2-419D2D2B840E}"
EndProject
Global
	GlobalSection(SolutionConfigurationPlatforms) = preSolution
		Debug|Any CPU = Debug|Any CPU
		Release|Any CPU = Release|Any CPU
	EndGlobalSection
	GlobalSection(ProjectConfigurationPlatforms) = postSolution
		{5E2F2BC1-A646-437B-95A2-419D2D2B840E}.Debug|Any CPU.ActiveCfg = Debug|Any CPU
		{5E2F2BC1-A646-437B-95A2-419D2D2B840E}.Debug|Any CPU.Build.0 = Debug|Any CPU
		{5E2F2BC1-A646-437B-95A2-419D2D2B840E}.Release|Any CPU.ActiveCfg = Release|Any CPU
		{5E2F2BC1-A646-437B-95A2-419D2D2B840E}.Release|Any CPU.Build.0 = Release|Any CPU
	EndGlobalSection
	GlobalSection(SolutionProperties) = preSolution
		HideSolutionNode = FALSE
	EndGlobalSection
	GlobalSection(ExtensibilityGlobals) = postSolution
		SolutionGuid = {65DCCB93-FE4C-46B0-A29A-01BD99BC5C5F}
	EndGlobalSection
EndGlobal
