
Microsoft Visual Studio Solution File, Format Version 12.00
# Visual Studio Version 17
VisualStudioVersion = 17.4.33122.133
MinimumVisualStudioVersion = 10.0.40219.1
Project("{FAE04EC0-301F-11D3-BF4B-00C04F79EFBC}") = "App Consola", "App Consola\App Consola.csproj", "{39D129AF-691C-4EE3-AE8B-C27A0379DDD9}"
EndProject
Project("{FAE04EC0-301F-11D3-BF4B-00C04F79EFBC}") = "app.API", "app.API\app.API.csproj", "{FB2F432D-AE0A-438A-8440-2B677906F0B5}"
EndProject
Global
	GlobalSection(SolutionConfigurationPlatforms) = preSolution
		Debug|Any CPU = Debug|Any CPU
		Release|Any CPU = Release|Any CPU
	EndGlobalSection
	GlobalSection(ProjectConfigurationPlatforms) = postSolution
		{39D129AF-691C-4EE3-AE8B-C27A0379DDD9}.Debug|Any CPU.ActiveCfg = Debug|Any CPU
		{39D129AF-691C-4EE3-AE8B-C27A0379DDD9}.Debug|Any CPU.Build.0 = Debug|Any CPU
		{39D129AF-691C-4EE3-AE8B-C27A0379DDD9}.Release|Any CPU.ActiveCfg = Release|Any CPU
		{39D129AF-691C-4EE3-AE8B-C27A0379DDD9}.Release|Any CPU.Build.0 = Release|Any CPU
		{FB2F432D-AE0A-438A-8440-2B677906F0B5}.Debug|Any CPU.ActiveCfg = Debug|Any CPU
		{FB2F432D-AE0A-438A-8440-2B677906F0B5}.Debug|Any CPU.Build.0 = Debug|Any CPU
		{FB2F432D-AE0A-438A-8440-2B677906F0B5}.Release|Any CPU.ActiveCfg = Release|Any CPU
		{FB2F432D-AE0A-438A-8440-2B677906F0B5}.Release|Any CPU.Build.0 = Release|Any CPU
	EndGlobalSection
	GlobalSection(SolutionProperties) = preSolution
		HideSolutionNode = FALSE
	EndGlobalSection
	GlobalSection(ExtensibilityGlobals) = postSolution
		SolutionGuid = {ED3D8E10-12A3-400F-8D4B-BC79C678090C}
	EndGlobalSection
EndGlobal
