
Microsoft Visual Studio Solution File, Format Version 12.00
# Visual Studio Version 17
VisualStudioVersion = 17.4.33122.133
MinimumVisualStudioVersion = 10.0.40219.1
Project("{FAE04EC0-301F-11D3-BF4B-00C04F79EFBC}") = "ApiSistemaRegistro", "ApiSistemaRegistro\ApiSistemaRegistro.csproj", "{F730B841-1C92-4569-90AA-A8837AE77F86}"
EndProject
Global
	GlobalSection(SolutionConfigurationPlatforms) = preSolution
		Debug|Any CPU = Debug|Any CPU
		Release|Any CPU = Release|Any CPU
	EndGlobalSection
	GlobalSection(ProjectConfigurationPlatforms) = postSolution
		{F730B841-1C92-4569-90AA-A8837AE77F86}.Debug|Any CPU.ActiveCfg = Debug|Any CPU
		{F730B841-1C92-4569-90AA-A8837AE77F86}.Debug|Any CPU.Build.0 = Debug|Any CPU
		{F730B841-1C92-4569-90AA-A8837AE77F86}.Release|Any CPU.ActiveCfg = Release|Any CPU
		{F730B841-1C92-4569-90AA-A8837AE77F86}.Release|Any CPU.Build.0 = Release|Any CPU
	EndGlobalSection
	GlobalSection(SolutionProperties) = preSolution
		HideSolutionNode = FALSE
	EndGlobalSection
	GlobalSection(ExtensibilityGlobals) = postSolution
		SolutionGuid = {CF9CEA88-AE70-4DE2-A0F8-6FD3E52D8AD2}
	EndGlobalSection
EndGlobal
